
Microsoft Visual Studio Solution File, Format Version 12.00
# Visual Studio Version 17
VisualStudioVersion = 17.5.33516.290
MinimumVisualStudioVersion = 10.0.40219.1
Project("{FAE04EC0-301F-11D3-BF4B-00C04F79EFBC}") = "ASPNETMVCCRUD", "ASPNETMVCCRUD\ASPNETMVCCRUD.csproj", "{30C7E555-003E-4DC7-97B1-BE27EB138D0E}"
EndProject
Global
	GlobalSection(SolutionConfigurationPlatforms) = preSolution
		Debug|Any CPU = Debug|Any CPU
		Release|Any CPU = Release|Any CPU
	EndGlobalSection
	GlobalSection(ProjectConfigurationPlatforms) = postSolution
		{30C7E555-003E-4DC7-97B1-BE27EB138D0E}.Debug|Any CPU.ActiveCfg = Debug|Any CPU
		{30C7E555-003E-4DC7-97B1-BE27EB138D0E}.Debug|Any CPU.Build.0 = Debug|Any CPU
		{30C7E555-003E-4DC7-97B1-BE27EB138D0E}.Release|Any CPU.ActiveCfg = Release|Any CPU
		{30C7E555-003E-4DC7-97B1-BE27EB138D0E}.Release|Any CPU.Build.0 = Release|Any CPU
	EndGlobalSection
	GlobalSection(SolutionProperties) = preSolution
		HideSolutionNode = FALSE
	EndGlobalSection
	GlobalSection(ExtensibilityGlobals) = postSolution
		SolutionGuid = {CF4A5103-A040-4845-B80C-68D281A26788}
	EndGlobalSection
EndGlobal
